
Microsoft Visual Studio Solution File, Format Version 12.00
# Visual Studio Version 16
VisualStudioVersion = 16.0.29926.136
MinimumVisualStudioVersion = 10.0.40219.1
Project("{FAE04EC0-301F-11D3-BF4B-00C04F79EFBC}") = "PaymentCalculator", "PaymentCalculator\PaymentCalculator.csproj", "{1F1B57AB-AB88-4170-879A-5922845AB91D}"
EndProject
Global
	GlobalSection(SolutionConfigurationPlatforms) = preSolution
		Debug|Any CPU = Debug|Any CPU
		Release|Any CPU = Release|Any CPU
	EndGlobalSection
	GlobalSection(ProjectConfigurationPlatforms) = postSolution
		{1F1B57AB-AB88-4170-879A-5922845AB91D}.Debug|Any CPU.ActiveCfg = Debug|Any CPU
		{1F1B57AB-AB88-4170-879A-5922845AB91D}.Debug|Any CPU.Build.0 = Debug|Any CPU
		{1F1B57AB-AB88-4170-879A-5922845AB91D}.Release|Any CPU.ActiveCfg = Release|Any CPU
		{1F1B57AB-AB88-4170-879A-5922845AB91D}.Release|Any CPU.Build.0 = Release|Any CPU
	EndGlobalSection
	GlobalSection(SolutionProperties) = preSolution
		HideSolutionNode = FALSE
	EndGlobalSection
	GlobalSection(ExtensibilityGlobals) = postSolution
		SolutionGuid = {BF99B15A-4AC9-4334-B2A7-124114DEEA95}
	EndGlobalSection
EndGlobal
